PATH
  remote: /Users/staugaard/code/action_mailer-enqueable
  specs:
    action_mailer-enqueable (1.0.0)

GEM
  remote: https://rubygems.org/
  specs:
    actionmailer (2.3.18)
      actionpack (= 2.3.18)
    actionpack (2.3.18)
      activesupport (= 2.3.18)
      rack (~> 1.1.0)
    activesupport (2.3.18)
    appraisal (0.5.2)
      bundler
      rake
    columnize (0.3.6)
    debugger (1.6.0)
      columnize (>= 0.3.1)
      debugger-linecache (~> 1.2.0)
      debugger-ruby_core_source (~> 1.2.1)
    debugger-linecache (1.2.0)
    debugger-ruby_core_source (1.2.2)
    rack (1.1.6)
    rake (10.0.4)

PLATFORMS
  ruby

DEPENDENCIES
  action_mailer-enqueable!
  actionmailer (~> 2.3.0)
  activesupport
  appraisal (~> 0.5)
  debugger
